
Microsoft Visual Studio Solution File, Format Version 12.00
# Visual Studio Version 17
VisualStudioVersion = 17.3.32901.215
MinimumVisualStudioVersion = 10.0.40219.1
Project("{FAE04EC0-301F-11D3-BF4B-00C04F79EFBC}") = "RedoLab3", "RedoLab3.csproj", "{D8038A24-97C7-4CFB-8269-1D37AC1575BE}"
EndProject
Global
	GlobalSection(SolutionConfigurationPlatforms) = preSolution
		Debug|Any CPU = Debug|Any CPU
		Release|Any CPU = Release|Any CPU
	EndGlobalSection
	GlobalSection(ProjectConfigurationPlatforms) = postSolution
		{D8038A24-97C7-4CFB-8269-1D37AC1575BE}.Debug|Any CPU.ActiveCfg = Debug|Any CPU
		{D8038A24-97C7-4CFB-8269-1D37AC1575BE}.Debug|Any CPU.Build.0 = Debug|Any CPU
		{D8038A24-97C7-4CFB-8269-1D37AC1575BE}.Release|Any CPU.ActiveCfg = Release|Any CPU
		{D8038A24-97C7-4CFB-8269-1D37AC1575BE}.Release|Any CPU.Build.0 = Release|Any CPU
	EndGlobalSection
	GlobalSection(SolutionProperties) = preSolution
		HideSolutionNode = FALSE
	EndGlobalSection
	GlobalSection(ExtensibilityGlobals) = postSolution
		SolutionGuid = {5407246F-8001-443B-AD81-418DB9E887D8}
	EndGlobalSection
EndGlobal
